
Microsoft Visual Studio Solution File, Format Version 12.00
# Visual Studio Version 17
VisualStudioVersion = 17.11.35222.181
MinimumVisualStudioVersion = 10.0.40219.1
Project("{FAE04EC0-301F-11D3-BF4B-00C04F79EFBC}") = "TequilasRestaurant", "TequilasRestaurant\TequilasRestaurant.csproj", "{CFFA1D38-18E6-46F8-AB88-463AD1E48DAB}"
EndProject
Global
	GlobalSection(SolutionConfigurationPlatforms) = preSolution
		Debug|Any CPU = Debug|Any CPU
		Release|Any CPU = Release|Any CPU
	EndGlobalSection
	GlobalSection(ProjectConfigurationPlatforms) = postSolution
		{CFFA1D38-18E6-46F8-AB88-463AD1E48DAB}.Debug|Any CPU.ActiveCfg = Debug|Any CPU
		{CFFA1D38-18E6-46F8-AB88-463AD1E48DAB}.Debug|Any CPU.Build.0 = Debug|Any CPU
		{CFFA1D38-18E6-46F8-AB88-463AD1E48DAB}.Release|Any CPU.ActiveCfg = Release|Any CPU
		{CFFA1D38-18E6-46F8-AB88-463AD1E48DAB}.Release|Any CPU.Build.0 = Release|Any CPU
	EndGlobalSection
	GlobalSection(SolutionProperties) = preSolution
		HideSolutionNode = FALSE
	EndGlobalSection
	GlobalSection(ExtensibilityGlobals) = postSolution
		SolutionGuid = {95C65697-92D3-4329-8635-12CDD502A071}
	EndGlobalSection
EndGlobal
